
Microsoft Visual Studio Solution File, Format Version 12.00
# Visual Studio Version 16
VisualStudioVersion = 16.0.33927.289
MinimumVisualStudioVersion = 10.0.40219.1
Project("{FAE04EC0-301F-11D3-BF4B-00C04F79EFBC}") = "libRn", "libRn.csproj", "{D98827A8-F9FA-4B10-A7E2-E04A30D313FC}"
EndProject
Global
	GlobalSection(SolutionConfigurationPlatforms) = preSolution
		Debug|Any CPU = Debug|Any CPU
		Release|Any CPU = Release|Any CPU
	EndGlobalSection
	GlobalSection(ProjectConfigurationPlatforms) = postSolution
		{D98827A8-F9FA-4B10-A7E2-E04A30D313FC}.Debug|Any CPU.ActiveCfg = Debug|Any CPU
		{D98827A8-F9FA-4B10-A7E2-E04A30D313FC}.Debug|Any CPU.Build.0 = Debug|Any CPU
		{D98827A8-F9FA-4B10-A7E2-E04A30D313FC}.Release|Any CPU.ActiveCfg = Release|Any CPU
		{D98827A8-F9FA-4B10-A7E2-E04A30D313FC}.Release|Any CPU.Build.0 = Release|Any CPU
	EndGlobalSection
	GlobalSection(SolutionProperties) = preSolution
		HideSolutionNode = FALSE
	EndGlobalSection
	GlobalSection(ExtensibilityGlobals) = postSolution
		SolutionGuid = {663FB53C-C766-4AFC-95B7-ECDCC25CAD4F}
	EndGlobalSection
EndGlobal
